
Microsoft Visual Studio Solution File, Format Version 12.00
# Visual Studio Version 17
VisualStudioVersion = 17.3.32922.545
MinimumVisualStudioVersion = 10.0.40219.1
Project("{9A19103F-16F7-4668-BE54-9A1E7A4F7556}") = "ChatProject", "ChatProject\ChatProject.csproj", "{4BE4B1FE-D489-47CD-9D88-9B67CD5E70EE}"
EndProject
Global
	GlobalSection(SolutionConfigurationPlatforms) = preSolution
		Debug|Any CPU = Debug|Any CPU
		Release|Any CPU = Release|Any CPU
	EndGlobalSection
	GlobalSection(ProjectConfigurationPlatforms) = postSolution
		{4BE4B1FE-D489-47CD-9D88-9B67CD5E70EE}.Debug|Any CPU.ActiveCfg = Debug|Any CPU
		{4BE4B1FE-D489-47CD-9D88-9B67CD5E70EE}.Debug|Any CPU.Build.0 = Debug|Any CPU
		{4BE4B1FE-D489-47CD-9D88-9B67CD5E70EE}.Release|Any CPU.ActiveCfg = Release|Any CPU
		{4BE4B1FE-D489-47CD-9D88-9B67CD5E70EE}.Release|Any CPU.Build.0 = Release|Any CPU
	EndGlobalSection
	GlobalSection(SolutionProperties) = preSolution
		HideSolutionNode = FALSE
	EndGlobalSection
	GlobalSection(ExtensibilityGlobals) = postSolution
		SolutionGuid = {319453F3-CFA1-49B0-8A25-287A4262F4BB}
	EndGlobalSection
EndGlobal
